// !$*UTF8*$!
{
	archiveVersion = 1;
	classes = {
	};
	objectVersion = 50;
	objects = {

/* Begin PBXBuildFile section */
		63C6C58B2176C7C200F5B7D7 /* StorageSongs.swift in Sources */ = {isa = PBXBuildFile; fileRef = 63C6C58A2176C7C200F5B7D7 /* StorageSongs.swift */; };
		63C6C58E2176C9D900F5B7D7 /* StorageType.swift in Sources */ = {isa = PBXBuildFile; fileRef = 63C6C58D2176C9D900F5B7D7 /* StorageType.swift */; };
		63C6C5912176CD1B00F5B7D7 /* SongsTableViewController.swift in Sources */ = {isa = PBXBuildFile; fileRef = 63C6C5902176CD1B00F5B7D7 /* SongsTableViewController.swift */; };
		63C6C5932176CD7B00F5B7D7 /* DetailSongViewController.swift in Sources */ = {isa = PBXBuildFile; fileRef = 63C6C5922176CD7B00F5B7D7 /* DetailSongViewController.swift */; };
		63C6C5952176CDA700F5B7D7 /* SearchViewController.swift in Sources */ = {isa = PBXBuildFile; fileRef = 63C6C5942176CDA700F5B7D7 /* SearchViewController.swift */; };
		63C70BF421769B9E0058F01C /* AppDelegate.swift in Sources */ = {isa = PBXBuildFile; fileRef = 63C70BF321769B9E0058F01C /* AppDelegate.swift */; };
		63C70BF921769B9E0058F01C /* Main.storyboard in Resources */ = {isa = PBXBuildFile; fileRef = 63C70BF721769B9E0058F01C /* Main.storyboard */; };
		63C70BFB21769BA10058F01C /* Assets.xcassets in Resources */ = {isa = PBXBuildFile; fileRef = 63C70BFA21769BA10058F01C /* Assets.xcassets */; };
		63C70BFE21769BA10058F01C /* LaunchScreen.storyboard in Resources */ = {isa = PBXBuildFile; fileRef = 63C70BFC21769BA10058F01C /* LaunchScreen.storyboard */; };
		63C70C0921769BA10058F01C /* LetrasTests.swift in Sources */ = {isa = PBXBuildFile; fileRef = 63C70C0821769BA10058F01C /* LetrasTests.swift */; };
		63C70C1421769BA10058F01C /* LetrasUITests.swift in Sources */ = {isa = PBXBuildFile; fileRef = 63C70C1321769BA10058F01C /* LetrasUITests.swift */; };
		63C70C2221769BCA0058F01C /* Client.swift in Sources */ = {isa = PBXBuildFile; fileRef = 63C70C2121769BCA0058F01C /* Client.swift */; };
		63C70C2621769C0E0058F01C /* JsonSong.swift in Sources */ = {isa = PBXBuildFile; fileRef = 63C70C2521769C0D0058F01C /* JsonSong.swift */; };
		63C70C2821769C290058F01C /* Song.swift in Sources */ = {isa = PBXBuildFile; fileRef = 63C70C2721769C290058F01C /* Song.swift */; };
		63C70C2A21769CD50058F01C /* SongService.swift in Sources */ = {isa = PBXBuildFile; fileRef = 63C70C2921769CD50058F01C /* SongService.swift */; };
/* End PBXBuildFile section */

/* Begin PBXContainerItemProxy section */
		63C70C0521769BA10058F01C /* PBXContainerItemProxy */ = {
			isa = PBXContainerItemProxy;
			containerPortal = 63C70BE821769B9D0058F01C /* Project object */;
			proxyType = 1;
			remoteGlobalIDString = 63C70BEF21769B9E0058F01C;
			remoteInfo = Letras;
		};
		63C70C1021769BA10058F01C /* PBXContainerItemProxy */ = {
			isa = PBXContainerItemProxy;
			containerPortal = 63C70BE821769B9D0058F01C /* Project object */;
			proxyType = 1;
			remoteGlobalIDString = 63C70BEF21769B9E0058F01C;
			remoteInfo = Letras;
		};
/* End PBXContainerItemProxy section */

/* Begin PBXFileReference section */
		63C6C58A2176C7C200F5B7D7 /* StorageSongs.swift */ = {isa = PBXFileReference; lastKnownFileType = sourcecode.swift; path = StorageSongs.swift; sourceTree = "<group>"; };
		63C6C58D2176C9D900F5B7D7 /* StorageType.swift */ = {isa = PBXFileReference; lastKnownFileType = sourcecode.swift; path = StorageType.swift; sourceTree = "<group>"; };
		63C6C5902176CD1B00F5B7D7 /* SongsTableViewController.swift */ = {isa = PBXFileReference; lastKnownFileType = sourcecode.swift; path = SongsTableViewController.swift; sourceTree = "<group>"; };
		63C6C5922176CD7B00F5B7D7 /* DetailSongViewController.swift */ = {isa = PBXFileReference; lastKnownFileType = sourcecode.swift; path = DetailSongViewController.swift; sourceTree = "<group>"; };
		63C6C5942176CDA700F5B7D7 /* SearchViewController.swift */ = {isa = PBXFileReference; lastKnownFileType = sourcecode.swift; path = SearchViewController.swift; sourceTree = "<group>"; };
		63C70BF021769B9E0058F01C /* Letras.app */ = {isa = PBXFileReference; explicitFileType = wrapper.application; includeInIndex = 0; path = Letras.app; sourceTree = BUILT_PRODUCTS_DIR; };
		63C70BF321769B9E0058F01C /* AppDelegate.swift */ = {isa = PBXFileReference; lastKnownFileType = sourcecode.swift; path = AppDelegate.swift; sourceTree = "<group>"; };
		63C70BF821769B9E0058F01C /* Base */ = {isa = PBXFileReference; lastKnownFileType = file.storyboard; name = Base; path = Base.lproj/Main.storyboard; sourceTree = "<group>"; };
		63C70BFA21769BA10058F01C /* Assets.xcassets */ = {isa = PBXFileReference; lastKnownFileType = folder.assetcatalog; path = Assets.xcassets; sourceTree = "<group>"; };
		63C70BFD21769BA10058F01C /* Base */ = {isa = PBXFileReference; lastKnownFileType = file.storyboard; name = Base; path = Base.lproj/LaunchScreen.storyboard; sourceTree = "<group>"; };
		63C70BFF21769BA10058F01C /* Info.plist */ = {isa = PBXFileReference; lastKnownFileType = text.plist.xml; path = Info.plist; sourceTree = "<group>"; };
		63C70C0421769BA10058F01C /* LetrasTests.xctest */ = {isa = PBXFileReference; explicitFileType = wrapper.cfbundle; includeInIndex = 0; path = LetrasTests.xctest; sourceTree = BUILT_PRODUCTS_DIR; };
		63C70C0821769BA10058F01C /* LetrasTests.swift */ = {isa = PBXFileReference; lastKnownFileType = sourcecode.swift; path = LetrasTests.swift; sourceTree = "<group>"; };
		63C70C0A21769BA10058F01C /* Info.plist */ = {isa = PBXFileReference; lastKnownFileType = text.plist.xml; path = Info.plist; sourceTree = "<group>"; };
		63C70C0F21769BA10058F01C /* LetrasUITests.xctest */ = {isa = PBXFileReference; explicitFileType = wrapper.cfbundle; includeInIndex = 0; path = LetrasUITests.xctest; sourceTree = BUILT_PRODUCTS_DIR; };
		63C70C1321769BA10058F01C /* LetrasUITests.swift */ = {isa = PBXFileReference; lastKnownFileType = sourcecode.swift; path = LetrasUITests.swift; sourceTree = "<group>"; };
		63C70C1521769BA10058F01C /* Info.plist */ = {isa = PBXFileReference; lastKnownFileType = text.plist.xml; path = Info.plist; sourceTree = "<group>"; };
		63C70C2121769BCA0058F01C /* Client.swift */ = {isa = PBXFileReference; lastKnownFileType = sourcecode.swift; path = Client.swift; sourceTree = "<group>"; };
		63C70C2521769C0D0058F01C /* JsonSong.swift */ = {isa = PBXFileReference; lastKnownFileType = sourcecode.swift; path = JsonSong.swift; sourceTree = "<group>"; };
		63C70C2721769C290058F01C /* Song.swift */ = {isa = PBXFileReference; lastKnownFileType = sourcecode.swift; path = Song.swift; sourceTree = "<group>"; };
		63C70C2921769CD50058F01C /* SongService.swift */ = {isa = PBXFileReference; lastKnownFileType = sourcecode.swift; path = SongService.swift; sourceTree = "<group>"; };
/* End PBXFileReference section */

/* Begin PBXFrameworksBuildPhase section */
		63C70BED21769B9E0058F01C /* Frameworks */ = {
			isa = PBXFrameworksBuildPhase;
			buildActionMask = 2147483647;
			files = (
			);
			runOnlyForDeploymentPostprocessing = 0;
		};
		63C70C0121769BA10058F01C /* Frameworks */ = {
			isa = PBXFrameworksBuildPhase;
			buildActionMask = 2147483647;
			files = (
			);
			runOnlyForDeploymentPostprocessing = 0;
		};
		63C70C0C21769BA10058F01C /* Frameworks */ = {
			isa = PBXFrameworksBuildPhase;
			buildActionMask = 2147483647;
			files = (
			);
			runOnlyForDeploymentPostprocessing = 0;
		};
/* End PBXFrameworksBuildPhase section */

/* Begin PBXGroup section */
		63C6C58C2176C7CA00F5B7D7 /* Storage */ = {
			isa = PBXGroup;
			children = (
				63C6C58A2176C7C200F5B7D7 /* StorageSongs.swift */,
				63C6C58D2176C9D900F5B7D7 /* StorageType.swift */,
			);
			path = Storage;
			sourceTree = "<group>";
		};
		63C6C58F2176CCE500F5B7D7 /* Controllers */ = {
			isa = PBXGroup;
			children = (
				63C6C5942176CDA700F5B7D7 /* SearchViewController.swift */,
				63C6C5902176CD1B00F5B7D7 /* SongsTableViewController.swift */,
				63C6C5922176CD7B00F5B7D7 /* DetailSongViewController.swift */,
			);
			path = Controllers;
			sourceTree = "<group>";
		};
		63C70BE721769B9D0058F01C = {
			isa = PBXGroup;
			children = (
				63C70BF221769B9E0058F01C /* Letras */,
				63C70C0721769BA10058F01C /* LetrasTests */,
				63C70C1221769BA10058F01C /* LetrasUITests */,
				63C70BF121769B9E0058F01C /* Products */,
			);
			sourceTree = "<group>";
		};
		63C70BF121769B9E0058F01C /* Products */ = {
			isa = PBXGroup;
			children = (
				63C70BF021769B9E0058F01C /* Letras.app */,
				63C70C0421769BA10058F01C /* LetrasTests.xctest */,
				63C70C0F21769BA10058F01C /* LetrasUITests.xctest */,
			);
			name = Products;
			sourceTree = "<group>";
		};
		63C70BF221769B9E0058F01C /* Letras */ = {
			isa = PBXGroup;
			children = (
				63C70BF321769B9E0058F01C /* AppDelegate.swift */,
				63C6C58F2176CCE500F5B7D7 /* Controllers */,
				63C70C2421769BF40058F01C /* Models */,
				63C70C2321769BD00058F01C /* Services */,
				63C6C58C2176C7CA00F5B7D7 /* Storage */,
				63C70BF721769B9E0058F01C /* Main.storyboard */,
				63C70BFA21769BA10058F01C /* Assets.xcassets */,
				63C70BFC21769BA10058F01C /* LaunchScreen.storyboard */,
				63C70BFF21769BA10058F01C /* Info.plist */,
			);
			path = Letras;
			sourceTree = "<group>";
		};
		63C70C0721769BA10058F01C /* LetrasTests */ = {
			isa = PBXGroup;
			children = (
				63C70C0821769BA10058F01C /* LetrasTests.swift */,
				63C70C0A21769BA10058F01C /* Info.plist */,
			);
			path = LetrasTests;
			sourceTree = "<group>";
		};
		63C70C1221769BA10058F01C /* LetrasUITests */ = {
			isa = PBXGroup;
			children = (
				63C70C1321769BA10058F01C /* LetrasUITests.swift */,
				63C70C1521769BA10058F01C /* Info.plist */,
			);
			path = LetrasUITests;
			sourceTree = "<group>";
		};
		63C70C2321769BD00058F01C /* Services */ = {
			isa = PBXGroup;
			children = (
				63C70C2121769BCA0058F01C /* Client.swift */,
				63C70C2921769CD50058F01C /* SongService.swift */,
			);
			path = Services;
			sourceTree = "<group>";
		};
		63C70C2421769BF40058F01C /* Models */ = {
			isa = PBXGroup;
			children = (
				63C70C2521769C0D0058F01C /* JsonSong.swift */,
				63C70C2721769C290058F01C /* Song.swift */,
			);
			path = Models;
			sourceTree = "<group>";
		};
/* End PBXGroup section */

/* Begin PBXNativeTarget section */
		63C70BEF21769B9E0058F01C /* Letras */ = {
			isa = PBXNativeTarget;
			buildConfigurationList = 63C70C1821769BA10058F01C /* Build configuration list for PBXNativeTarget "Letras" */;
			buildPhases = (
				63C70BEC21769B9E0058F01C /* Sources */,
				63C70BED21769B9E0058F01C /* Frameworks */,
				63C70BEE21769B9E0058F01C /* Resources */,
			);
			buildRules = (
			);
			dependencies = (
			);
			name = Letras;
			productName = Letras;
			productReference = 63C70BF021769B9E0058F01C /* Letras.app */;
			productType = "com.apple.product-type.application";
		};
		63C70C0321769BA10058F01C /* LetrasTests */ = {
			isa = PBXNativeTarget;
			buildConfigurationList = 63C70C1B21769BA10058F01C /* Build configuration list for PBXNativeTarget "LetrasTests" */;
			buildPhases = (
				63C70C0021769BA10058F01C /* Sources */,
				63C70C0121769BA10058F01C /* Frameworks */,
				63C70C0221769BA10058F01C /* Resources */,
			);
			buildRules = (
			);
			dependencies = (
				63C70C0621769BA10058F01C /* PBXTargetDependency */,
			);
			name = LetrasTests;
			productName = LetrasTests;
			productReference = 63C70C0421769BA10058F01C /* LetrasTests.xctest */;
			productType = "com.apple.product-type.bundle.unit-test";
		};
		63C70C0E21769BA10058F01C /* LetrasUITests */ = {
			isa = PBXNativeTarget;
			buildConfigurationList = 63C70C1E21769BA10058F01C /* Build configuration list for PBXNativeTarget "LetrasUITests" */;
			buildPhases = (
				63C70C0B21769BA10058F01C /* Sources */,
				63C70C0C21769BA10058F01C /* Frameworks */,
				63C70C0D21769BA10058F01C /* Resources */,
			);
			buildRules = (
			);
			dependencies = (
				63C70C1121769BA10058F01C /* PBXTargetDependency */,
			);
			name = LetrasUITests;
			productName = LetrasUITests;
			productReference = 63C70C0F21769BA10058F01C /* LetrasUITests.xctest */;
			productType = "com.apple.product-type.bundle.ui-testing";
		};
/* End PBXNativeTarget section */

/* Begin PBXProject section */
		63C70BE821769B9D0058F01C /* Project object */ = {
			isa = PBXProject;
			attributes = {
				LastSwiftUpdateCheck = 1000;
				LastUpgradeCheck = 1000;
				ORGANIZATIONNAME = Radg;
				TargetAttributes = {
					63C70BEF21769B9E0058F01C = {
						CreatedOnToolsVersion = 10.0;
					};
					63C70C0321769BA10058F01C = {
						CreatedOnToolsVersion = 10.0;
						TestTargetID = 63C70BEF21769B9E0058F01C;
					};
					63C70C0E21769BA10058F01C = {
						CreatedOnToolsVersion = 10.0;
						TestTargetID = 63C70BEF21769B9E0058F01C;
					};
				};
			};
			buildConfigurationList = 63C70BEB21769B9D0058F01C /* Build configuration list for PBXProject "Letras" */;
			compatibilityVersion = "Xcode 9.3";
			developmentRegion = en;
			hasScannedForEncodings = 0;
			knownRegions = (
				en,
				Base,
			);
			mainGroup = 63C70BE721769B9D0058F01C;
			productRefGroup = 63C70BF121769B9E0058F01C /* Products */;
			projectDirPath = "";
			projectRoot = "";
			targets = (
				63C70BEF21769B9E0058F01C /* Letras */,
				63C70C0321769BA10058F01C /* LetrasTests */,
				63C70C0E21769BA10058F01C /* LetrasUITests */,
			);
		};
/* End PBXProject section */

/* Begin PBXResourcesBuildPhase section */
		63C70BEE21769B9E0058F01C /* Resources */ = {
			isa = PBXResourcesBuildPhase;
			buildActionMask = 2147483647;
			files = (
				63C70BFE21769BA10058F01C /* LaunchScreen.storyboard in Resources */,
				63C70BFB21769BA10058F01C /* Assets.xcassets in Resources */,
				63C70BF921769B9E0058F01C /* Main.storyboard in Resources */,
			);
			runOnlyForDeploymentPostprocessing = 0;
		};
		63C70C0221769BA10058F01C /* Resources */ = {
			isa = PBXResourcesBuildPhase;
			buildActionMask = 2147483647;
			files = (
			);
			runOnlyForDeploymentPostprocessing = 0;
		};
		63C70C0D21769BA10058F01C /* Resources */ = {
			isa = PBXResourcesBuildPhase;
			buildActionMask = 2147483647;
			files = (
			);
			runOnlyForDeploymentPostprocessing = 0;
		};
/* End PBXResourcesBuildPhase section */

/* Begin PBXSourcesBuildPhase section */
		63C70BEC21769B9E0058F01C /* Sources */ = {
			isa = PBXSourcesBuildPhase;
			buildActionMask = 2147483647;
			files = (
				63C6C5952176CDA700F5B7D7 /* SearchViewController.swift in Sources */,
				63C70BF421769B9E0058F01C /* AppDelegate.swift in Sources */,
				63C70C2A21769CD50058F01C /* SongService.swift in Sources */,
				63C6C5912176CD1B00F5B7D7 /* SongsTableViewController.swift in Sources */,
				63C6C58E2176C9D900F5B7D7 /* StorageType.swift in Sources */,
				63C70C2621769C0E0058F01C /* JsonSong.swift in Sources */,
				63C70C2221769BCA0058F01C /* Client.swift in Sources */,
				63C70C2821769C290058F01C /* Song.swift in Sources */,
				63C6C5932176CD7B00F5B7D7 /* DetailSongViewController.swift in Sources */,
				63C6C58B2176C7C200F5B7D7 /* StorageSongs.swift in Sources */,
			);
			runOnlyForDeploymentPostprocessing = 0;
		};
		63C70C0021769BA10058F01C /* Sources */ = {
			isa = PBXSourcesBuildPhase;
			buildActionMask = 2147483647;
			files = (
				63C70C0921769BA10058F01C /* LetrasTests.swift in Sources */,
			);
			runOnlyForDeploymentPostprocessing = 0;
		};
		63C70C0B21769BA10058F01C /* Sources */ = {
			isa = PBXSourcesBuildPhase;
			buildActionMask = 2147483647;
			files = (
				63C70C1421769BA10058F01C /* LetrasUITests.swift in Sources */,
			);
			runOnlyForDeploymentPostprocessing = 0;
		};
/* End PBXSourcesBuildPhase section */

/* Begin PBXTargetDependency section */
		63C70C0621769BA10058F01C /* PBXTargetDependency */ = {
			isa = PBXTargetDependency;
			target = 63C70BEF21769B9E0058F01C /* Letras */;
			targetProxy = 63C70C0521769BA10058F01C /* PBXContainerItemProxy */;
		};
		63C70C1121769BA10058F01C /* PBXTargetDependency */ = {
			isa = PBXTargetDependency;
			target = 63C70BEF21769B9E0058F01C /* Letras */;
			targetProxy = 63C70C1021769BA10058F01C /* PBXContainerItemProxy */;
		};
/* End PBXTargetDependency section */

/* Begin PBXVariantGroup section */
		63C70BF721769B9E0058F01C /* Main.storyboard */ = {
			isa = PBXVariantGroup;
			children = (
				63C70BF821769B9E0058F01C /* Base */,
			);
			name = Main.storyboard;
			sourceTree = "<group>";
		};
		63C70BFC21769BA10058F01C /* LaunchScreen.storyboard */ = {
			isa = PBXVariantGroup;
			children = (
				63C70BFD21769BA10058F01C /* Base */,
			);
			name = LaunchScreen.storyboard;
			sourceTree = "<group>";
		};
/* End PBXVariantGroup section */

/* Begin XCBuildConfiguration section */
		63C70C1621769BA10058F01C /* Debug */ = {
			isa = XCBuildConfiguration;
			buildSettings = {
				ALWAYS_SEARCH_USER_PATHS = NO;
				CLANG_ANALYZER_NONNULL = YES;
				CLANG_ANALYZER_NUMBER_OBJECT_CONVERSION = YES_AGGRESSIVE;
				CLANG_CXX_LANGUAGE_STANDARD = "gnu++14";
				CLANG_CXX_LIBRARY = "libc++";
				CLANG_ENABLE_MODULES = YES;
				CLANG_ENABLE_OBJC_ARC = YES;
				CLANG_ENABLE_OBJC_WEAK = YES;
				CLANG_WARN_BLOCK_CAPTURE_AUTORELEASING = YES;
				CLANG_WARN_BOOL_CONVERSION = YES;
				CLANG_WARN_COMMA = YES;
				CLANG_WARN_CONSTANT_CONVERSION = YES;
				CLANG_WARN_DEPRECATED_OBJC_IMPLEMENTATIONS = YES;
				CLANG_WARN_DIRECT_OBJC_ISA_USAGE = YES_ERROR;
				CLANG_WARN_DOCUMENTATION_COMMENTS = YES;
				CLANG_WARN_EMPTY_BODY = YES;
				CLANG_WARN_ENUM_CONVERSION = YES;
				CLANG_WARN_INFINITE_RECURSION = YES;
				CLANG_WARN_INT_CONVERSION = YES;
				CLANG_WARN_NON_LITERAL_NULL_CONVERSION = YES;
				CLANG_WARN_OBJC_IMPLICIT_RETAIN_SELF = YES;
				CLANG_WARN_OBJC_LITERAL_CONVERSION = YES;
				CLANG_WARN_OBJC_ROOT_CLASS = YES_ERROR;
				CLANG_WARN_RANGE_LOOP_ANALYSIS = YES;
				CLANG_WARN_STRICT_PROTOTYPES = YES;
				CLANG_WARN_SUSPICIOUS_MOVE = YES;
				CLANG_WARN_UNGUARDED_AVAILABILITY = YES_AGGRESSIVE;
				CLANG_WARN_UNREACHABLE_CODE = YES;
				CLANG_WARN__DUPLICATE_METHOD_MATCH = YES;
				CODE_SIGN_IDENTITY = "iPhone Developer";
				COPY_PHASE_STRIP = NO;
				DEBUG_INFORMATION_FORMAT = dwarf;
				ENABLE_STRICT_OBJC_MSGSEND = YES;
				ENABLE_TESTABILITY = YES;
				GCC_C_LANGUAGE_STANDARD = gnu11;
				GCC_DYNAMIC_NO_PIC = NO;
				GCC_NO_COMMON_BLOCKS = YES;
				GCC_OPTIMIZATION_LEVEL = 0;
				GCC_PREPROCESSOR_DEFINITIONS = (
					"DEBUG=1",
					"$(inherited)",
				);
				GCC_WARN_64_TO_32_BIT_CONVERSION = YES;
				GCC_WARN_ABOUT_RETURN_TYPE = YES_ERROR;
				GCC_WARN_UNDECLARED_SELECTOR = YES;
				GCC_WARN_UNINITIALIZED_AUTOS = YES_AGGRESSIVE;
				GCC_WARN_UNUSED_FUNCTION = YES;
				GCC_WARN_UNUSED_VARIABLE = YES;
				IPHONEOS_DEPLOYMENT_TARGET = 12.0;
				MTL_ENABLE_DEBUG_INFO = INCLUDE_SOURCE;
				MTL_FAST_MATH = YES;
				ONLY_ACTIVE_ARCH = YES;
				SDKROOT = iphoneos;
				SWIFT_ACTIVE_COMPILATION_CONDITIONS = DEBUG;
				SWIFT_OPTIMIZATION_LEVEL = "-Onone";
			};
			name = Debug;
		};
		63C70C1721769BA10058F01C /* Release */ = {
			isa = XCBuildConfiguration;
			buildSettings = {
				ALWAYS_SEARCH_USER_PATHS = NO;
				CLANG_ANALYZER_NONNULL = YES;
				CLANG_ANALYZER_NUMBER_OBJECT_CONVERSION = YES_AGGRESSIVE;
				CLANG_CXX_LANGUAGE_STANDARD = "gnu++14";
				CLANG_CXX_LIBRARY = "libc++";
				CLANG_ENABLE_MODULES = YES;
				CLANG_ENABLE_OBJC_ARC = YES;
				CLANG_ENABLE_OBJC_WEAK = YES;
				CLANG_WARN_BLOCK_CAPTURE_AUTORELEASING = YES;
				CLANG_WARN_BOOL_CONVERSION = YES;
				CLANG_WARN_COMMA = YES;
				CLANG_WARN_CONSTANT_CONVERSION = YES;
				CLANG_WARN_DEPRECATED_OBJC_IMPLEMENTATIONS = YES;
				CLANG_WARN_DIRECT_OBJC_ISA_USAGE = YES_ERROR;
				CLANG_WARN_DOCUMENTATION_COMMENTS = YES;
				CLANG_WARN_EMPTY_BODY = YES;
				CLANG_WARN_ENUM_CONVERSION = YES;
				CLANG_WARN_INFINITE_RECURSION = YES;
				CLANG_WARN_INT_CONVERSION = YES;
				CLANG_WARN_NON_LITERAL_NULL_CONVERSION = YES;
				CLANG_WARN_OBJC_IMPLICIT_RETAIN_SELF = YES;
				CLANG_WARN_OBJC_LITERAL_CONVERSION = YES;
				CLANG_WARN_OBJC_ROOT_CLASS = YES_ERROR;
				CLANG_WARN_RANGE_LOOP_ANALYSIS = YES;
				CLANG_WARN_STRICT_PROTOTYPES = YES;
				CLANG_WARN_SUSPICIOUS_MOVE = YES;
				CLANG_WARN_UNGUARDED_AVAILABILITY = YES_AGGRESSIVE;
				CLANG_WARN_UNREACHABLE_CODE = YES;
				CLANG_WARN__DUPLICATE_METHOD_MATCH = YES;
				CODE_SIGN_IDENTITY = "iPhone Developer";
				COPY_PHASE_STRIP = NO;
				DEBUG_INFORMATION_FORMAT = "dwarf-with-dsym";
				ENABLE_NS_ASSERTIONS = NO;
				ENABLE_STRICT_OBJC_MSGSEND = YES;
				GCC_C_LANGUAGE_STANDARD = gnu11;
				GCC_NO_COMMON_BLOCKS = YES;
				GCC_WARN_64_TO_32_BIT_CONVERSION = YES;
				GCC_WARN_ABOUT_RETURN_TYPE = YES_ERROR;
				GCC_WARN_UNDECLARED_SELECTOR = YES;
				GCC_WARN_UNINITIALIZED_AUTOS = YES_AGGRESSIVE;
				GCC_WARN_UNUSED_FUNCTION = YES;
				GCC_WARN_UNUSED_VARIABLE = YES;
				IPHONEOS_DEPLOYMENT_TARGET = 12.0;
				MTL_ENABLE_DEBUG_INFO = NO;
				MTL_FAST_MATH = YES;
				SDKROOT = iphoneos;
				SWIFT_COMPILATION_MODE = wholemodule;
				SWIFT_OPTIMIZATION_LEVEL = "-O";
				VALIDATE_PRODUCT = YES;
			};
			name = Release;
		};
		63C70C1921769BA10058F01C /* Debug */ = {
			isa = XCBuildConfiguration;
			buildSettings = {
				ASSETCATALOG_COMPILER_APPICON_NAME = AppIcon;
				CODE_SIGN_STYLE = Automatic;
				INFOPLIST_FILE = Letras/Info.plist;
				LD_RUNPATH_SEARCH_PATHS = (
					"$(inherited)",
					"@executable_path/Frameworks",
				);
				PRODUCT_BUNDLE_IDENTIFIER = RADG.Letras;
				PRODUCT_NAME = "$(TARGET_NAME)";
				SWIFT_VERSION = 4.2;
				TARGETED_DEVICE_FAMILY = "1,2";
			};
			name = Debug;
		};
		63C70C1A21769BA10058F01C /* Release */ = {
			isa = XCBuildConfiguration;
			buildSettings = {
				ASSETCATALOG_COMPILER_APPICON_NAME = AppIcon;
				CODE_SIGN_STYLE = Automatic;
				INFOPLIST_FILE = Letras/Info.plist;
				LD_RUNPATH_SEARCH_PATHS = (
					"$(inherited)",
					"@executable_path/Frameworks",
				);
				PRODUCT_BUNDLE_IDENTIFIER = RADG.Letras;
				PRODUCT_NAME = "$(TARGET_NAME)";
				SWIFT_VERSION = 4.2;
				TARGETED_DEVICE_FAMILY = "1,2";
			};
			name = Release;
		};
		63C70C1C21769BA10058F01C /* Debug */ = {
			isa = XCBuildConfiguration;
			buildSettings = {
				ALWAYS_EMBED_SWIFT_STANDARD_LIBRARIES = YES;
				BUNDLE_LOADER = "$(TEST_HOST)";
				CODE_SIGN_STYLE = Automatic;
				INFOPLIST_FILE = LetrasTests/Info.plist;
				LD_RUNPATH_SEARCH_PATHS = (
					"$(inherited)",
					"@executable_path/Frameworks",
					"@loader_path/Frameworks",
				);
				PRODUCT_BUNDLE_IDENTIFIER = RADG.LetrasTests;
				PRODUCT_NAME = "$(TARGET_NAME)";
				SWIFT_VERSION = 4.2;
				TARGETED_DEVICE_FAMILY = "1,2";
				TEST_HOST = "$(BUILT_PRODUCTS_DIR)/Letras.app/Letras";
			};
			name = Debug;
		};
		63C70C1D21769BA10058F01C /* Release */ = {
			isa = XCBuildConfiguration;
			buildSettings = {
				ALWAYS_EMBED_SWIFT_STANDARD_LIBRARIES = YES;
				BUNDLE_LOADER = "$(TEST_HOST)";
				CODE_SIGN_STYLE = Automatic;
				INFOPLIST_FILE = LetrasTests/Info.plist;
				LD_RUNPATH_SEARCH_PATHS = (
					"$(inherited)",
					"@executable_path/Frameworks",
					"@loader_path/Frameworks",
				);
				PRODUCT_BUNDLE_IDENTIFIER = RADG.LetrasTests;
				PRODUCT_NAME = "$(TARGET_NAME)";
				SWIFT_VERSION = 4.2;
				TARGETED_DEVICE_FAMILY = "1,2";
				TEST_HOST = "$(BUILT_PRODUCTS_DIR)/Letras.app/Letras";
			};
			name = Release;
		};
		63C70C1F21769BA10058F01C /* Debug */ = {
			isa = XCBuildConfiguration;
			buildSettings = {
				ALWAYS_EMBED_SWIFT_STANDARD_LIBRARIES = YES;
				CODE_SIGN_STYLE = Automatic;
				INFOPLIST_FILE = LetrasUITests/Info.plist;
				LD_RUNPATH_SEARCH_PATHS = (
					"$(inherited)",
					"@executable_path/Frameworks",
					"@loader_path/Frameworks",
				);
				PRODUCT_BUNDLE_IDENTIFIER = RADG.LetrasUITests;
				PRODUCT_NAME = "$(TARGET_NAME)";
				SWIFT_VERSION = 4.2;
				TARGETED_DEVICE_FAMILY = "1,2";
				TEST_TARGET_NAME = Letras;
			};
			name = Debug;
		};
		63C70C2021769BA10058F01C /* Release */ = {
			isa = XCBuildConfiguration;
			buildSettings = {
				ALWAYS_EMBED_SWIFT_STANDARD_LIBRARIES = YES;
				CODE_SIGN_STYLE = Automatic;
				INFOPLIST_FILE = LetrasUITests/Info.plist;
				LD_RUNPATH_SEARCH_PATHS = (
					"$(inherited)",
					"@executable_path/Frameworks",
					"@loader_path/Frameworks",
				);
				PRODUCT_BUNDLE_IDENTIFIER = RADG.LetrasUITests;
				PRODUCT_NAME = "$(TARGET_NAME)";
				SWIFT_VERSION = 4.2;
				TARGETED_DEVICE_FAMILY = "1,2";
				TEST_TARGET_NAME = Letras;
			};
			name = Release;
		};
/* End XCBuildConfiguration section */

/* Begin XCConfigurationList section */
		63C70BEB21769B9D0058F01C /* Build configuration list for PBXProject "Letras" */ = {
			isa = XCConfigurationList;
			buildConfigurations = (
				63C70C1621769BA10058F01C /* Debug */,
				63C70C1721769BA10058F01C /* Release */,
			);
			defaultConfigurationIsVisible = 0;
			defaultConfigurationName = Release;
		};
		63C70C1821769BA10058F01C /* Build configuration list for PBXNativeTarget "Letras" */ = {
			isa = XCConfigurationList;
			buildConfigurations = (
				63C70C1921769BA10058F01C /* Debug */,
				63C70C1A21769BA10058F01C /* Release */,
			);
			defaultConfigurationIsVisible = 0;
			defaultConfigurationName = Release;
		};
		63C70C1B21769BA10058F01C /* Build configuration list for PBXNativeTarget "LetrasTests" */ = {
			isa = XCConfigurationList;
			buildConfigurations = (
				63C70C1C21769BA10058F01C /* Debug */,
				63C70C1D21769BA10058F01C /* Release */,
			);
			defaultConfigurationIsVisible = 0;
			defaultConfigurationName = Release;
		};
		63C70C1E21769BA10058F01C /* Build configuration list for PBXNativeTarget "LetrasUITests" */ = {
			isa = XCConfigurationList;
			buildConfigurations = (
				63C70C1F21769BA10058F01C /* Debug */,
				63C70C2021769BA10058F01C /* Release */,
			);
			defaultConfigurationIsVisible = 0;
			defaultConfigurationName = Release;
		};
/* End XCConfigurationList section */
	};
	rootObject = 63C70BE821769B9D0058F01C /* Project object */;
}
